<?xml version="1.0" encoding="utf-8"?>
<Project ToolsVersion="4.0" xmlns="http://schemas.microsoft.com/developer/msbuild/2003">
  <ItemGroup>
    <Filter Include="Source Files">
      <UniqueIdentifier>{4FC737F1-C7A5-4376-A066-2A32D752A2FF}</UniqueIdentifier>
      <Extensions>cpp;c;cc;cxx;c++;def;odl;idl;hpj;bat;asm;asmx</Extensions>
    </Filter>
    <Filter Include="Header Files">
      <UniqueIdentifier>{93995380-89BD-4b04-88EB-625FBE52EBFB}</UniqueIdentifier>
      <Extensions>h;hh;hpp;hxx;h++;hm;inl;inc;ipp;xsd</Extensions>
    </Filter>
    <Filter Include="Resource Files">
      <UniqueIdentifier>{67DA6AB6-F800-4c08-8B7A-83BB121AAD01}</UniqueIdentifier>
      <Extensions>rc;ico;cur;bmp;dlg;rc2;rct;bin;rgs;gif;jpg;jpeg;jpe;resx;tiff;tif;png;wav;mfcribbon-ms</Extensions>
    </Filter>
    <Filter Include="utils">
      <UniqueIdentifier>{d569dbc3-8169-4254-b46a-32b84a61806e}</UniqueIdentifier>
    </Filter>
    <Filter Include="ffdecoder">
      <UniqueIdentifier>{d1597394-1dcf-4246-97b7-d2239480693e}</UniqueIdentifier>
    </Filter>
    <Filter Include="sdl_render">
      <UniqueIdentifier>{cf84da94-4531-40cf-a61a-519d24d27baa}</UniqueIdentifier>
    </Filter>
  </ItemGroup>
  <ItemGroup>
    <ClCompile Include="src\ffplay.cpp">
      <Filter>Source Files</Filter>
    </ClCompile>
    <ClCompile Include="utils\thread_utils.cpp">
      <Filter>utils</Filter>
    </ClCompile>
    <ClCompile Include="utils\utils.cpp">
      <Filter>utils</Filter>
    </ClCompile>
    <ClCompile Include="ffdecoder\ffdecoder.cpp">
      <Filter>ffdecoder</Filter>
    </ClCompile>
    <ClCompile Include="src\cmdutils.c">
      <Filter>Source Files</Filter>
    </ClCompile>
    <ClCompile Include="ffdecoder\SimpleAvCommon.cpp">
      <Filter>ffdecoder</Filter>
    </ClCompile>
    <ClCompile Include="sdl_render\sdl_render.cpp">
      <Filter>sdl_render</Filter>
    </ClCompile>
  </ItemGroup>
  <ItemGroup>
    <ClInclude Include="utils\thread_utils.h">
      <Filter>utils</Filter>
    </ClInclude>
    <ClInclude Include="utils\utils.h">
      <Filter>utils</Filter>
    </ClInclude>
    <ClInclude Include="ffdecoder\ffdecoder.h">
      <Filter>ffdecoder</Filter>
    </ClInclude>
    <ClInclude Include="src\cmdutils.h">
      <Filter>Source Files</Filter>
    </ClInclude>
    <ClInclude Include="ffdecoder\SimpleAvCommon.h">
      <Filter>ffdecoder</Filter>
    </ClInclude>
    <ClInclude Include="utils\CStringWrapper.h">
      <Filter>utils</Filter>
    </ClInclude>
    <ClInclude Include="sdl_render\sdl_render.h">
      <Filter>sdl_render</Filter>
    </ClInclude>
  </ItemGroup>
</Project>