<?xml version="1.0" encoding="utf-8"?>
<Project ToolsVersion="4.0" xmlns="http://schemas.microsoft.com/developer/msbuild/2003">
  <ItemGroup>
    <Filter Include="Resource Files">
      <UniqueIdentifier>{67DA6AB6-F800-4c08-8B7A-83BB121AAD01}</UniqueIdentifier>
      <Extensions>rc;ico;cur;bmp;dlg;rc2;rct;bin;rgs;gif;jpg;jpeg;jpe;resx;tiff;tif;png;wav;mfcribbon-ms</Extensions>
    </Filter>
    <Filter Include="Globals">
      <UniqueIdentifier>{0928a417-7892-40cd-9b27-72c34c2d1b86}</UniqueIdentifier>
    </Filter>
    <Filter Include="UI">
      <UniqueIdentifier>{3ade576a-86c8-4c31-be30-9b766b2b02e5}</UniqueIdentifier>
    </Filter>
    <Filter Include="Player">
      <UniqueIdentifier>{b45b8555-93fe-4a75-a6dc-8e4c2b0c262b}</UniqueIdentifier>
    </Filter>
    <Filter Include="utils">
      <UniqueIdentifier>{f1ab76eb-9b00-43ae-8a09-abadab0187b2}</UniqueIdentifier>
    </Filter>
    <Filter Include="Player\ffdecoder">
      <UniqueIdentifier>{c4fa27c5-ab28-43ab-aed6-16026118228a}</UniqueIdentifier>
    </Filter>
  </ItemGroup>
  <ItemGroup>
    <ResourceCompile Include="src_vc\ffplayer_vc.rc">
      <Filter>Resource Files</Filter>
    </ResourceCompile>
  </ItemGroup>
  <ItemGroup>
    <ClInclude Include="src_vc\globals.h">
      <Filter>Globals</Filter>
    </ClInclude>
    <ClInclude Include="src_vc\stdafx.h">
      <Filter>Globals</Filter>
    </ClInclude>
    <ClInclude Include="src_vc\resource.h">
      <Filter>Resource Files</Filter>
    </ClInclude>
    <ClInclude Include="src_vc\UI\AboutDlg.h">
      <Filter>UI</Filter>
    </ClInclude>
    <ClInclude Include="src_vc\UI\MainDlg.h">
      <Filter>UI</Filter>
    </ClInclude>
    <ClInclude Include="src_vc\UI\VideoView.h">
      <Filter>UI</Filter>
    </ClInclude>
    <ClInclude Include="src_vc\player\BaseDecoder.h">
      <Filter>Player</Filter>
    </ClInclude>
    <ClInclude Include="src_vc\player\BasePlayer.h">
      <Filter>Player</Filter>
    </ClInclude>
    <ClInclude Include="src_vc\player\common_def.h">
      <Filter>Player</Filter>
    </ClInclude>
    <ClInclude Include="src_vc\player\SingleFilePlayer.h">
      <Filter>Player</Filter>
    </ClInclude>
    <ClInclude Include="utils\CStringWrapper.h">
      <Filter>utils</Filter>
    </ClInclude>
    <ClInclude Include="utils\thread_utils.h">
      <Filter>utils</Filter>
    </ClInclude>
    <ClInclude Include="utils\utils.h">
      <Filter>utils</Filter>
    </ClInclude>
    <ClInclude Include="ffdecoder\ffdecoder.h">
      <Filter>Player\ffdecoder</Filter>
    </ClInclude>
    <ClInclude Include="ffdecoder\SimpleAvCommon.h">
      <Filter>Player\ffdecoder</Filter>
    </ClInclude>
    <ClInclude Include="src\cmdutils.h">
      <Filter>Globals</Filter>
    </ClInclude>
    <ClInclude Include="src_vc\player\win_render.h">
      <Filter>Player</Filter>
    </ClInclude>
    <ClInclude Include="src_hik\FFMpegWrapperHik.h">
      <Filter>Player</Filter>
    </ClInclude>
  </ItemGroup>
  <ItemGroup>
    <ClCompile Include="src_vc\main.cpp">
      <Filter>Globals</Filter>
    </ClCompile>
    <ClCompile Include="src_vc\stdafx.cpp">
      <Filter>Globals</Filter>
    </ClCompile>
    <ClCompile Include="src_vc\UI\MainDlg.cpp">
      <Filter>UI</Filter>
    </ClCompile>
    <ClCompile Include="src_vc\player\SingleFilePlayer.cpp">
      <Filter>Player</Filter>
    </ClCompile>
    <ClCompile Include="utils\thread_utils.cpp">
      <Filter>utils</Filter>
    </ClCompile>
    <ClCompile Include="utils\utils.cpp">
      <Filter>utils</Filter>
    </ClCompile>
    <ClCompile Include="ffdecoder\ffdecoder.cpp">
      <Filter>Player\ffdecoder</Filter>
    </ClCompile>
    <ClCompile Include="ffdecoder\SimpleAvCommon.cpp">
      <Filter>Player\ffdecoder</Filter>
    </ClCompile>
    <ClCompile Include="src\cmdutils.c">
      <Filter>Globals</Filter>
    </ClCompile>
    <ClCompile Include="src_vc\player\win_render.cpp">
      <Filter>Player</Filter>
    </ClCompile>
    <ClCompile Include="src_hik\FFMpegWrapperHik.cpp">
      <Filter>Player</Filter>
    </ClCompile>
  </ItemGroup>
  <ItemGroup>
    <Image Include="src_vc\res\play.bmp">
      <Filter>Resource Files</Filter>
    </Image>
    <Image Include="src_vc\res\stop.bmp">
      <Filter>Resource Files</Filter>
    </Image>
    <Image Include="src_vc\res\fast.bmp">
      <Filter>Resource Files</Filter>
    </Image>
    <Image Include="src_vc\res\slow.bmp">
      <Filter>Resource Files</Filter>
    </Image>
    <Image Include="src_vc\res\step_forward.bmp">
      <Filter>Resource Files</Filter>
    </Image>
    <Image Include="src_vc\res\step_backward.bmp">
      <Filter>Resource Files</Filter>
    </Image>
    <Image Include="src_vc\res\sound.bmp">
      <Filter>Resource Files</Filter>
    </Image>
    <Image Include="src_vc\res\camera.bmp">
      <Filter>Resource Files</Filter>
    </Image>
    <Image Include="src_vc\res\FullScreen.bmp">
      <Filter>Resource Files</Filter>
    </Image>
    <Image Include="src_vc\res\pause.bmp">
      <Filter>Resource Files</Filter>
    </Image>
    <Image Include="src_vc\res\w2.ico">
      <Filter>Resource Files</Filter>
    </Image>
    <Image Include="src_vc\res\icon1.ico">
      <Filter>Resource Files</Filter>
    </Image>
  </ItemGroup>
</Project>